// !$*UTF8*$!
{
	archiveVersion = 1;
	classes = {
	};
	objectVersion = 50;
	objects = {

/* Begin PBXBuildFile section */
		E183D5AC21A16EC4007E59EF /* AppDelegate.swift in Sources */ = {isa = PBXBuildFile; fileRef = E183D5AB21A16EC4007E59EF /* AppDelegate.swift */; };
		E183D5AE21A16EC4007E59EF /* MasteViewController.swift in Sources */ = {isa = PBXBuildFile; fileRef = E183D5AD21A16EC4007E59EF /* MasteViewController.swift */; };
		E183D5B121A16EC4007E59EF /* Main.storyboard in Resources */ = {isa = PBXBuildFile; fileRef = E183D5AF21A16EC4007E59EF /* Main.storyboard */; };
		E183D5B321A16EC6007E59EF /* Assets.xcassets in Resources */ = {isa = PBXBuildFile; fileRef = E183D5B221A16EC6007E59EF /* Assets.xcassets */; };
		E183D5B621A16EC6007E59EF /* LaunchScreen.storyboard in Resources */ = {isa = PBXBuildFile; fileRef = E183D5B421A16EC6007E59EF /* LaunchScreen.storyboard */; };
		E183D5BE21A16F2F007E59EF /* SummaryViewController.swift in Sources */ = {isa = PBXBuildFile; fileRef = E183D5BD21A16F2F007E59EF /* SummaryViewController.swift */; };
		E183D5C021A16F3B007E59EF /* SessionsViewController.swift in Sources */ = {isa = PBXBuildFile; fileRef = E183D5BF21A16F3B007E59EF /* SessionsViewController.swift */; };
/* End PBXBuildFile section */

/* Begin PBXFileReference section */
		E183D5A821A16EC4007E59EF /* CustomUIViewController2.app */ = {isa = PBXFileReference; explicitFileType = wrapper.application; includeInIndex = 0; path = CustomUIViewController2.app; sourceTree = BUILT_PRODUCTS_DIR; };
		E183D5AB21A16EC4007E59EF /* AppDelegate.swift */ = {isa = PBXFileReference; lastKnownFileType = sourcecode.swift; path = AppDelegate.swift; sourceTree = "<group>"; };
		E183D5AD21A16EC4007E59EF /* MasteViewController.swift */ = {isa = PBXFileReference; lastKnownFileType = sourcecode.swift; path = MasteViewController.swift; sourceTree = "<group>"; };
		E183D5B021A16EC4007E59EF /* Base */ = {isa = PBXFileReference; lastKnownFileType = file.storyboard; name = Base; path = Base.lproj/Main.storyboard; sourceTree = "<group>"; };
		E183D5B221A16EC6007E59EF /* Assets.xcassets */ = {isa = PBXFileReference; lastKnownFileType = folder.assetcatalog; path = Assets.xcassets; sourceTree = "<group>"; };
		E183D5B521A16EC6007E59EF /* Base */ = {isa = PBXFileReference; lastKnownFileType = file.storyboard; name = Base; path = Base.lproj/LaunchScreen.storyboard; sourceTree = "<group>"; };
		E183D5B721A16EC6007E59EF /* Info.plist */ = {isa = PBXFileReference; lastKnownFileType = text.plist.xml; path = Info.plist; sourceTree = "<group>"; };
		E183D5BD21A16F2F007E59EF /* SummaryViewController.swift */ = {isa = PBXFileReference; lastKnownFileType = sourcecode.swift; path = SummaryViewController.swift; sourceTree = "<group>"; };
		E183D5BF21A16F3B007E59EF /* SessionsViewController.swift */ = {isa = PBXFileReference; lastKnownFileType = sourcecode.swift; path = SessionsViewController.swift; sourceTree = "<group>"; };
/* End PBXFileReference section */

/* Begin PBXFrameworksBuildPhase section */
		E183D5A521A16EC4007E59EF /* Frameworks */ = {
			isa = PBXFrameworksBuildPhase;
			buildActionMask = 2147483647;
			files = (
			);
			runOnlyForDeploymentPostprocessing = 0;
		};
/* End PBXFrameworksBuildPhase section */

/* Begin PBXGroup section */
		E183D59F21A16EC4007E59EF = {
			isa = PBXGroup;
			children = (
				E183D5AA21A16EC4007E59EF /* CustomUIViewController2 */,
				E183D5A921A16EC4007E59EF /* Products */,
			);
			sourceTree = "<group>";
		};
		E183D5A921A16EC4007E59EF /* Products */ = {
			isa = PBXGroup;
			children = (
				E183D5A821A16EC4007E59EF /* CustomUIViewController2.app */,
			);
			name = Products;
			sourceTree = "<group>";
		};
		E183D5AA21A16EC4007E59EF /* CustomUIViewController2 */ = {
			isa = PBXGroup;
			children = (
				E183D5AB21A16EC4007E59EF /* AppDelegate.swift */,
				E183D5AD21A16EC4007E59EF /* MasteViewController.swift */,
				E183D5BD21A16F2F007E59EF /* SummaryViewController.swift */,
				E183D5BF21A16F3B007E59EF /* SessionsViewController.swift */,
				E183D5AF21A16EC4007E59EF /* Main.storyboard */,
				E183D5B221A16EC6007E59EF /* Assets.xcassets */,
				E183D5B421A16EC6007E59EF /* LaunchScreen.storyboard */,
				E183D5B721A16EC6007E59EF /* Info.plist */,
			);
			path = CustomUIViewController2;
			sourceTree = "<group>";
		};
/* End PBXGroup section */

/* Begin PBXNativeTarget section */
		E183D5A721A16EC4007E59EF /* CustomUIViewController2 */ = {
			isa = PBXNativeTarget;
			buildConfigurationList = E183D5BA21A16EC6007E59EF /* Build configuration list for PBXNativeTarget "CustomUIViewController2" */;
			buildPhases = (
				E183D5A421A16EC4007E59EF /* Sources */,
				E183D5A521A16EC4007E59EF /* Frameworks */,
				E183D5A621A16EC4007E59EF /* Resources */,
			);
			buildRules = (
			);
			dependencies = (
			);
			name = CustomUIViewController2;
			productName = CustomUIViewController2;
			productReference = E183D5A821A16EC4007E59EF /* CustomUIViewController2.app */;
			productType = "com.apple.product-type.application";
		};
/* End PBXNativeTarget section */

/* Begin PBXProject section */
		E183D5A021A16EC4007E59EF /* Project object */ = {
			isa = PBXProject;
			attributes = {
				LastSwiftUpdateCheck = 1010;
				LastUpgradeCheck = 1010;
				ORGANIZATIONNAME = duy;
				TargetAttributes = {
					E183D5A721A16EC4007E59EF = {
						CreatedOnToolsVersion = 10.1;
					};
				};
			};
			buildConfigurationList = E183D5A321A16EC4007E59EF /* Build configuration list for PBXProject "CustomUIViewController2" */;
			compatibilityVersion = "Xcode 9.3";
			developmentRegion = en;
			hasScannedForEncodings = 0;
			knownRegions = (
				en,
				Base,
			);
			mainGroup = E183D59F21A16EC4007E59EF;
			productRefGroup = E183D5A921A16EC4007E59EF /* Products */;
			projectDirPath = "";
			projectRoot = "";
			targets = (
				E183D5A721A16EC4007E59EF /* CustomUIViewController2 */,
			);
		};
/* End PBXProject section */

/* Begin PBXResourcesBuildPhase section */
		E183D5A621A16EC4007E59EF /* Resources */ = {
			isa = PBXResourcesBuildPhase;
			buildActionMask = 2147483647;
			files = (
				E183D5B621A16EC6007E59EF /* LaunchScreen.storyboard in Resources */,
				E183D5B321A16EC6007E59EF /* Assets.xcassets in Resources */,
				E183D5B121A16EC4007E59EF /* Main.storyboard in Resources */,
			);
			runOnlyForDeploymentPostprocessing = 0;
		};
/* End PBXResourcesBuildPhase section */

/* Begin PBXSourcesBuildPhase section */
		E183D5A421A16EC4007E59EF /* Sources */ = {
			isa = PBXSourcesBuildPhase;
			buildActionMask = 2147483647;
			files = (
				E183D5AE21A16EC4007E59EF /* MasteViewController.swift in Sources */,
				E183D5C021A16F3B007E59EF /* SessionsViewController.swift in Sources */,
				E183D5AC21A16EC4007E59EF /* AppDelegate.swift in Sources */,
				E183D5BE21A16F2F007E59EF /* SummaryViewController.swift in Sources */,
			);
			runOnlyForDeploymentPostprocessing = 0;
		};
/* End PBXSourcesBuildPhase section */

/* Begin PBXVariantGroup section */
		E183D5AF21A16EC4007E59EF /* Main.storyboard */ = {
			isa = PBXVariantGroup;
			children = (
				E183D5B021A16EC4007E59EF /* Base */,
			);
			name = Main.storyboard;
			sourceTree = "<group>";
		};
		E183D5B421A16EC6007E59EF /* LaunchScreen.storyboard */ = {
			isa = PBXVariantGroup;
			children = (
				E183D5B521A16EC6007E59EF /* Base */,
			);
			name = LaunchScreen.storyboard;
			sourceTree = "<group>";
		};
/* End PBXVariantGroup section */

/* Begin XCBuildConfiguration section */
		E183D5B821A16EC6007E59EF /* Debug */ = {
			isa = XCBuildConfiguration;
			buildSettings = {
				ALWAYS_SEARCH_USER_PATHS = NO;
				CLANG_ANALYZER_NONNULL = YES;
				CLANG_ANALYZER_NUMBER_OBJECT_CONVERSION = YES_AGGRESSIVE;
				CLANG_CXX_LANGUAGE_STANDARD = "gnu++14";
				CLANG_CXX_LIBRARY = "libc++";
				CLANG_ENABLE_MODULES = YES;
				CLANG_ENABLE_OBJC_ARC = YES;
				CLANG_ENABLE_OBJC_WEAK = YES;
				CLANG_WARN_BLOCK_CAPTURE_AUTORELEASING = YES;
				CLANG_WARN_BOOL_CONVERSION = YES;
				CLANG_WARN_COMMA = YES;
				CLANG_WARN_CONSTANT_CONVERSION = YES;
				CLANG_WARN_DEPRECATED_OBJC_IMPLEMENTATIONS = YES;
				CLANG_WARN_DIRECT_OBJC_ISA_USAGE = YES_ERROR;
				CLANG_WARN_DOCUMENTATION_COMMENTS = YES;
				CLANG_WARN_EMPTY_BODY = YES;
				CLANG_WARN_ENUM_CONVERSION = YES;
				CLANG_WARN_INFINITE_RECURSION = YES;
				CLANG_WARN_INT_CONVERSION = YES;
				CLANG_WARN_NON_LITERAL_NULL_CONVERSION = YES;
				CLANG_WARN_OBJC_IMPLICIT_RETAIN_SELF = YES;
				CLANG_WARN_OBJC_LITERAL_CONVERSION = YES;
				CLANG_WARN_OBJC_ROOT_CLASS = YES_ERROR;
				CLANG_WARN_RANGE_LOOP_ANALYSIS = YES;
				CLANG_WARN_STRICT_PROTOTYPES = YES;
				CLANG_WARN_SUSPICIOUS_MOVE = YES;
				CLANG_WARN_UNGUARDED_AVAILABILITY = YES_AGGRESSIVE;
				CLANG_WARN_UNREACHABLE_CODE = YES;
				CLANG_WARN__DUPLICATE_METHOD_MATCH = YES;
				CODE_SIGN_IDENTITY = "iPhone Developer";
				COPY_PHASE_STRIP = NO;
				DEBUG_INFORMATION_FORMAT = dwarf;
				ENABLE_STRICT_OBJC_MSGSEND = YES;
				ENABLE_TESTABILITY = YES;
				GCC_C_LANGUAGE_STANDARD = gnu11;
				GCC_DYNAMIC_NO_PIC = NO;
				GCC_NO_COMMON_BLOCKS = YES;
				GCC_OPTIMIZATION_LEVEL = 0;
				GCC_PREPROCESSOR_DEFINITIONS = (
					"DEBUG=1",
					"$(inherited)",
				);
				GCC_WARN_64_TO_32_BIT_CONVERSION = YES;
				GCC_WARN_ABOUT_RETURN_TYPE = YES_ERROR;
				GCC_WARN_UNDECLARED_SELECTOR = YES;
				GCC_WARN_UNINITIALIZED_AUTOS = YES_AGGRESSIVE;
				GCC_WARN_UNUSED_FUNCTION = YES;
				GCC_WARN_UNUSED_VARIABLE = YES;
				IPHONEOS_DEPLOYMENT_TARGET = 12.1;
				MTL_ENABLE_DEBUG_INFO = INCLUDE_SOURCE;
				MTL_FAST_MATH = YES;
				ONLY_ACTIVE_ARCH = YES;
				SDKROOT = iphoneos;
				SWIFT_ACTIVE_COMPILATION_CONDITIONS = DEBUG;
				SWIFT_OPTIMIZATION_LEVEL = "-Onone";
			};
			name = Debug;
		};
		E183D5B921A16EC6007E59EF /* Release */ = {
			isa = XCBuildConfiguration;
			buildSettings = {
				ALWAYS_SEARCH_USER_PATHS = NO;
				CLANG_ANALYZER_NONNULL = YES;
				CLANG_ANALYZER_NUMBER_OBJECT_CONVERSION = YES_AGGRESSIVE;
				CLANG_CXX_LANGUAGE_STANDARD = "gnu++14";
				CLANG_CXX_LIBRARY = "libc++";
				CLANG_ENABLE_MODULES = YES;
				CLANG_ENABLE_OBJC_ARC = YES;
				CLANG_ENABLE_OBJC_WEAK = YES;
				CLANG_WARN_BLOCK_CAPTURE_AUTORELEASING = YES;
				CLANG_WARN_BOOL_CONVERSION = YES;
				CLANG_WARN_COMMA = YES;
				CLANG_WARN_CONSTANT_CONVERSION = YES;
				CLANG_WARN_DEPRECATED_OBJC_IMPLEMENTATIONS = YES;
				CLANG_WARN_DIRECT_OBJC_ISA_USAGE = YES_ERROR;
				CLANG_WARN_DOCUMENTATION_COMMENTS = YES;
				CLANG_WARN_EMPTY_BODY = YES;
				CLANG_WARN_ENUM_CONVERSION = YES;
				CLANG_WARN_INFINITE_RECURSION = YES;
				CLANG_WARN_INT_CONVERSION = YES;
				CLANG_WARN_NON_LITERAL_NULL_CONVERSION = YES;
				CLANG_WARN_OBJC_IMPLICIT_RETAIN_SELF = YES;
				CLANG_WARN_OBJC_LITERAL_CONVERSION = YES;
				CLANG_WARN_OBJC_ROOT_CLASS = YES_ERROR;
				CLANG_WARN_RANGE_LOOP_ANALYSIS = YES;
				CLANG_WARN_STRICT_PROTOTYPES = YES;
				CLANG_WARN_SUSPICIOUS_MOVE = YES;
				CLANG_WARN_UNGUARDED_AVAILABILITY = YES_AGGRESSIVE;
				CLANG_WARN_UNREACHABLE_CODE = YES;
				CLANG_WARN__DUPLICATE_METHOD_MATCH = YES;
				CODE_SIGN_IDENTITY = "iPhone Developer";
				COPY_PHASE_STRIP = NO;
				DEBUG_INFORMATION_FORMAT = "dwarf-with-dsym";
				ENABLE_NS_ASSERTIONS = NO;
				ENABLE_STRICT_OBJC_MSGSEND = YES;
				GCC_C_LANGUAGE_STANDARD = gnu11;
				GCC_NO_COMMON_BLOCKS = YES;
				GCC_WARN_64_TO_32_BIT_CONVERSION = YES;
				GCC_WARN_ABOUT_RETURN_TYPE = YES_ERROR;
				GCC_WARN_UNDECLARED_SELECTOR = YES;
				GCC_WARN_UNINITIALIZED_AUTOS = YES_AGGRESSIVE;
				GCC_WARN_UNUSED_FUNCTION = YES;
				GCC_WARN_UNUSED_VARIABLE = YES;
				IPHONEOS_DEPLOYMENT_TARGET = 12.1;
				MTL_ENABLE_DEBUG_INFO = NO;
				MTL_FAST_MATH = YES;
				SDKROOT = iphoneos;
				SWIFT_COMPILATION_MODE = wholemodule;
				SWIFT_OPTIMIZATION_LEVEL = "-O";
				VALIDATE_PRODUCT = YES;
			};
			name = Release;
		};
		E183D5BB21A16EC6007E59EF /* Debug */ = {
			isa = XCBuildConfiguration;
			buildSettings = {
				ASSETCATALOG_COMPILER_APPICON_NAME = AppIcon;
				CODE_SIGN_STYLE = Automatic;
				DEVELOPMENT_TEAM = 3W4X4PF9GM;
				INFOPLIST_FILE = CustomUIViewController2/Info.plist;
				LD_RUNPATH_SEARCH_PATHS = (
					"$(inherited)",
					"@executable_path/Frameworks",
				);
				PRODUCT_BUNDLE_IDENTIFIER = com.duy.CustomUIViewController2;
				PRODUCT_NAME = "$(TARGET_NAME)";
				SWIFT_VERSION = 4.2;
				TARGETED_DEVICE_FAMILY = "1,2";
			};
			name = Debug;
		};
		E183D5BC21A16EC6007E59EF /* Release */ = {
			isa = XCBuildConfiguration;
			buildSettings = {
				ASSETCATALOG_COMPILER_APPICON_NAME = AppIcon;
				CODE_SIGN_STYLE = Automatic;
				DEVELOPMENT_TEAM = 3W4X4PF9GM;
				INFOPLIST_FILE = CustomUIViewController2/Info.plist;
				LD_RUNPATH_SEARCH_PATHS = (
					"$(inherited)",
					"@executable_path/Frameworks",
				);
				PRODUCT_BUNDLE_IDENTIFIER = com.duy.CustomUIViewController2;
				PRODUCT_NAME = "$(TARGET_NAME)";
				SWIFT_VERSION = 4.2;
				TARGETED_DEVICE_FAMILY = "1,2";
			};
			name = Release;
		};
/* End XCBuildConfiguration section */

/* Begin XCConfigurationList section */
		E183D5A321A16EC4007E59EF /* Build configuration list for PBXProject "CustomUIViewController2" */ = {
			isa = XCConfigurationList;
			buildConfigurations = (
				E183D5B821A16EC6007E59EF /* Debug */,
				E183D5B921A16EC6007E59EF /* Release */,
			);
			defaultConfigurationIsVisible = 0;
			defaultConfigurationName = Release;
		};
		E183D5BA21A16EC6007E59EF /* Build configuration list for PBXNativeTarget "CustomUIViewController2" */ = {
			isa = XCConfigurationList;
			buildConfigurations = (
				E183D5BB21A16EC6007E59EF /* Debug */,
				E183D5BC21A16EC6007E59EF /* Release */,
			);
			defaultConfigurationIsVisible = 0;
			defaultConfigurationName = Release;
		};
/* End XCConfigurationList section */
	};
	rootObject = E183D5A021A16EC4007E59EF /* Project object */;
}
