// !$*UTF8*$!
{
	archiveVersion = 1;
	classes = {
	};
	objectVersion = 50;
	objects = {

/* Begin PBXBuildFile section */
		E12E830B21918A1D0021943B /* AppDelegate.swift in Sources */ = {isa = PBXBuildFile; fileRef = E12E830A21918A1D0021943B /* AppDelegate.swift */; };
		E12E830D21918A1D0021943B /* ViewController.swift in Sources */ = {isa = PBXBuildFile; fileRef = E12E830C21918A1D0021943B /* ViewController.swift */; };
		E12E831021918A1D0021943B /* Main.storyboard in Resources */ = {isa = PBXBuildFile; fileRef = E12E830E21918A1D0021943B /* Main.storyboard */; };
		E12E831221918A1F0021943B /* Assets.xcassets in Resources */ = {isa = PBXBuildFile; fileRef = E12E831121918A1F0021943B /* Assets.xcassets */; };
		E12E831521918A1F0021943B /* LaunchScreen.storyboard in Resources */ = {isa = PBXBuildFile; fileRef = E12E831321918A1F0021943B /* LaunchScreen.storyboard */; };
		E12E831E21918B910021943B /* SampleViewController.swift in Sources */ = {isa = PBXBuildFile; fileRef = E12E831C21918B910021943B /* SampleViewController.swift */; };
		E12E831F21918B910021943B /* SampleViewController.xib in Resources */ = {isa = PBXBuildFile; fileRef = E12E831D21918B910021943B /* SampleViewController.xib */; };
/* End PBXBuildFile section */

/* Begin PBXFileReference section */
		E12E830721918A1D0021943B /* LearnNib.app */ = {isa = PBXFileReference; explicitFileType = wrapper.application; includeInIndex = 0; path = LearnNib.app; sourceTree = BUILT_PRODUCTS_DIR; };
		E12E830A21918A1D0021943B /* AppDelegate.swift */ = {isa = PBXFileReference; lastKnownFileType = sourcecode.swift; path = AppDelegate.swift; sourceTree = "<group>"; };
		E12E830C21918A1D0021943B /* ViewController.swift */ = {isa = PBXFileReference; lastKnownFileType = sourcecode.swift; path = ViewController.swift; sourceTree = "<group>"; };
		E12E830F21918A1D0021943B /* Base */ = {isa = PBXFileReference; lastKnownFileType = file.storyboard; name = Base; path = Base.lproj/Main.storyboard; sourceTree = "<group>"; };
		E12E831121918A1F0021943B /* Assets.xcassets */ = {isa = PBXFileReference; lastKnownFileType = folder.assetcatalog; path = Assets.xcassets; sourceTree = "<group>"; };
		E12E831421918A1F0021943B /* Base */ = {isa = PBXFileReference; lastKnownFileType = file.storyboard; name = Base; path = Base.lproj/LaunchScreen.storyboard; sourceTree = "<group>"; };
		E12E831621918A1F0021943B /* Info.plist */ = {isa = PBXFileReference; lastKnownFileType = text.plist.xml; path = Info.plist; sourceTree = "<group>"; };
		E12E831C21918B910021943B /* SampleViewController.swift */ = {isa = PBXFileReference; lastKnownFileType = sourcecode.swift; path = SampleViewController.swift; sourceTree = "<group>"; };
		E12E831D21918B910021943B /* SampleViewController.xib */ = {isa = PBXFileReference; lastKnownFileType = file.xib; path = SampleViewController.xib; sourceTree = "<group>"; };
/* End PBXFileReference section */

/* Begin PBXFrameworksBuildPhase section */
		E12E830421918A1D0021943B /* Frameworks */ = {
			isa = PBXFrameworksBuildPhase;
			buildActionMask = 2147483647;
			files = (
			);
			runOnlyForDeploymentPostprocessing = 0;
		};
/* End PBXFrameworksBuildPhase section */

/* Begin PBXGroup section */
		E12E82FE21918A1D0021943B = {
			isa = PBXGroup;
			children = (
				E12E830921918A1D0021943B /* LearnNib */,
				E12E830821918A1D0021943B /* Products */,
			);
			sourceTree = "<group>";
		};
		E12E830821918A1D0021943B /* Products */ = {
			isa = PBXGroup;
			children = (
				E12E830721918A1D0021943B /* LearnNib.app */,
			);
			name = Products;
			sourceTree = "<group>";
		};
		E12E830921918A1D0021943B /* LearnNib */ = {
			isa = PBXGroup;
			children = (
				E12E830A21918A1D0021943B /* AppDelegate.swift */,
				E12E830C21918A1D0021943B /* ViewController.swift */,
				E12E831C21918B910021943B /* SampleViewController.swift */,
				E12E831D21918B910021943B /* SampleViewController.xib */,
				E12E830E21918A1D0021943B /* Main.storyboard */,
				E12E831121918A1F0021943B /* Assets.xcassets */,
				E12E831321918A1F0021943B /* LaunchScreen.storyboard */,
				E12E831621918A1F0021943B /* Info.plist */,
			);
			path = LearnNib;
			sourceTree = "<group>";
		};
/* End PBXGroup section */

/* Begin PBXNativeTarget section */
		E12E830621918A1D0021943B /* LearnNib */ = {
			isa = PBXNativeTarget;
			buildConfigurationList = E12E831921918A1F0021943B /* Build configuration list for PBXNativeTarget "LearnNib" */;
			buildPhases = (
				E12E830321918A1D0021943B /* Sources */,
				E12E830421918A1D0021943B /* Frameworks */,
				E12E830521918A1D0021943B /* Resources */,
			);
			buildRules = (
			);
			dependencies = (
			);
			name = LearnNib;
			productName = LearnNib;
			productReference = E12E830721918A1D0021943B /* LearnNib.app */;
			productType = "com.apple.product-type.application";
		};
/* End PBXNativeTarget section */

/* Begin PBXProject section */
		E12E82FF21918A1D0021943B /* Project object */ = {
			isa = PBXProject;
			attributes = {
				LastSwiftUpdateCheck = 1010;
				LastUpgradeCheck = 1010;
				ORGANIZATIONNAME = duy;
				TargetAttributes = {
					E12E830621918A1D0021943B = {
						CreatedOnToolsVersion = 10.1;
					};
				};
			};
			buildConfigurationList = E12E830221918A1D0021943B /* Build configuration list for PBXProject "LearnNib" */;
			compatibilityVersion = "Xcode 9.3";
			developmentRegion = en;
			hasScannedForEncodings = 0;
			knownRegions = (
				en,
				Base,
			);
			mainGroup = E12E82FE21918A1D0021943B;
			productRefGroup = E12E830821918A1D0021943B /* Products */;
			projectDirPath = "";
			projectRoot = "";
			targets = (
				E12E830621918A1D0021943B /* LearnNib */,
			);
		};
/* End PBXProject section */

/* Begin PBXResourcesBuildPhase section */
		E12E830521918A1D0021943B /* Resources */ = {
			isa = PBXResourcesBuildPhase;
			buildActionMask = 2147483647;
			files = (
				E12E831521918A1F0021943B /* LaunchScreen.storyboard in Resources */,
				E12E831221918A1F0021943B /* Assets.xcassets in Resources */,
				E12E831F21918B910021943B /* SampleViewController.xib in Resources */,
				E12E831021918A1D0021943B /* Main.storyboard in Resources */,
			);
			runOnlyForDeploymentPostprocessing = 0;
		};
/* End PBXResourcesBuildPhase section */

/* Begin PBXSourcesBuildPhase section */
		E12E830321918A1D0021943B /* Sources */ = {
			isa = PBXSourcesBuildPhase;
			buildActionMask = 2147483647;
			files = (
				E12E830D21918A1D0021943B /* ViewController.swift in Sources */,
				E12E830B21918A1D0021943B /* AppDelegate.swift in Sources */,
				E12E831E21918B910021943B /* SampleViewController.swift in Sources */,
			);
			runOnlyForDeploymentPostprocessing = 0;
		};
/* End PBXSourcesBuildPhase section */

/* Begin PBXVariantGroup section */
		E12E830E21918A1D0021943B /* Main.storyboard */ = {
			isa = PBXVariantGroup;
			children = (
				E12E830F21918A1D0021943B /* Base */,
			);
			name = Main.storyboard;
			sourceTree = "<group>";
		};
		E12E831321918A1F0021943B /* LaunchScreen.storyboard */ = {
			isa = PBXVariantGroup;
			children = (
				E12E831421918A1F0021943B /* Base */,
			);
			name = LaunchScreen.storyboard;
			sourceTree = "<group>";
		};
/* End PBXVariantGroup section */

/* Begin XCBuildConfiguration section */
		E12E831721918A1F0021943B /* Debug */ = {
			isa = XCBuildConfiguration;
			buildSettings = {
				ALWAYS_SEARCH_USER_PATHS = NO;
				CLANG_ANALYZER_NONNULL = YES;
				CLANG_ANALYZER_NUMBER_OBJECT_CONVERSION = YES_AGGRESSIVE;
				CLANG_CXX_LANGUAGE_STANDARD = "gnu++14";
				CLANG_CXX_LIBRARY = "libc++";
				CLANG_ENABLE_MODULES = YES;
				CLANG_ENABLE_OBJC_ARC = YES;
				CLANG_ENABLE_OBJC_WEAK = YES;
				CLANG_WARN_BLOCK_CAPTURE_AUTORELEASING = YES;
				CLANG_WARN_BOOL_CONVERSION = YES;
				CLANG_WARN_COMMA = YES;
				CLANG_WARN_CONSTANT_CONVERSION = YES;
				CLANG_WARN_DEPRECATED_OBJC_IMPLEMENTATIONS = YES;
				CLANG_WARN_DIRECT_OBJC_ISA_USAGE = YES_ERROR;
				CLANG_WARN_DOCUMENTATION_COMMENTS = YES;
				CLANG_WARN_EMPTY_BODY = YES;
				CLANG_WARN_ENUM_CONVERSION = YES;
				CLANG_WARN_INFINITE_RECURSION = YES;
				CLANG_WARN_INT_CONVERSION = YES;
				CLANG_WARN_NON_LITERAL_NULL_CONVERSION = YES;
				CLANG_WARN_OBJC_IMPLICIT_RETAIN_SELF = YES;
				CLANG_WARN_OBJC_LITERAL_CONVERSION = YES;
				CLANG_WARN_OBJC_ROOT_CLASS = YES_ERROR;
				CLANG_WARN_RANGE_LOOP_ANALYSIS = YES;
				CLANG_WARN_STRICT_PROTOTYPES = YES;
				CLANG_WARN_SUSPICIOUS_MOVE = YES;
				CLANG_WARN_UNGUARDED_AVAILABILITY = YES_AGGRESSIVE;
				CLANG_WARN_UNREACHABLE_CODE = YES;
				CLANG_WARN__DUPLICATE_METHOD_MATCH = YES;
				CODE_SIGN_IDENTITY = "iPhone Developer";
				COPY_PHASE_STRIP = NO;
				DEBUG_INFORMATION_FORMAT = dwarf;
				ENABLE_STRICT_OBJC_MSGSEND = YES;
				ENABLE_TESTABILITY = YES;
				GCC_C_LANGUAGE_STANDARD = gnu11;
				GCC_DYNAMIC_NO_PIC = NO;
				GCC_NO_COMMON_BLOCKS = YES;
				GCC_OPTIMIZATION_LEVEL = 0;
				GCC_PREPROCESSOR_DEFINITIONS = (
					"DEBUG=1",
					"$(inherited)",
				);
				GCC_WARN_64_TO_32_BIT_CONVERSION = YES;
				GCC_WARN_ABOUT_RETURN_TYPE = YES_ERROR;
				GCC_WARN_UNDECLARED_SELECTOR = YES;
				GCC_WARN_UNINITIALIZED_AUTOS = YES_AGGRESSIVE;
				GCC_WARN_UNUSED_FUNCTION = YES;
				GCC_WARN_UNUSED_VARIABLE = YES;
				IPHONEOS_DEPLOYMENT_TARGET = 12.1;
				MTL_ENABLE_DEBUG_INFO = INCLUDE_SOURCE;
				MTL_FAST_MATH = YES;
				ONLY_ACTIVE_ARCH = YES;
				SDKROOT = iphoneos;
				SWIFT_ACTIVE_COMPILATION_CONDITIONS = DEBUG;
				SWIFT_OPTIMIZATION_LEVEL = "-Onone";
			};
			name = Debug;
		};
		E12E831821918A1F0021943B /* Release */ = {
			isa = XCBuildConfiguration;
			buildSettings = {
				ALWAYS_SEARCH_USER_PATHS = NO;
				CLANG_ANALYZER_NONNULL = YES;
				CLANG_ANALYZER_NUMBER_OBJECT_CONVERSION = YES_AGGRESSIVE;
				CLANG_CXX_LANGUAGE_STANDARD = "gnu++14";
				CLANG_CXX_LIBRARY = "libc++";
				CLANG_ENABLE_MODULES = YES;
				CLANG_ENABLE_OBJC_ARC = YES;
				CLANG_ENABLE_OBJC_WEAK = YES;
				CLANG_WARN_BLOCK_CAPTURE_AUTORELEASING = YES;
				CLANG_WARN_BOOL_CONVERSION = YES;
				CLANG_WARN_COMMA = YES;
				CLANG_WARN_CONSTANT_CONVERSION = YES;
				CLANG_WARN_DEPRECATED_OBJC_IMPLEMENTATIONS = YES;
				CLANG_WARN_DIRECT_OBJC_ISA_USAGE = YES_ERROR;
				CLANG_WARN_DOCUMENTATION_COMMENTS = YES;
				CLANG_WARN_EMPTY_BODY = YES;
				CLANG_WARN_ENUM_CONVERSION = YES;
				CLANG_WARN_INFINITE_RECURSION = YES;
				CLANG_WARN_INT_CONVERSION = YES;
				CLANG_WARN_NON_LITERAL_NULL_CONVERSION = YES;
				CLANG_WARN_OBJC_IMPLICIT_RETAIN_SELF = YES;
				CLANG_WARN_OBJC_LITERAL_CONVERSION = YES;
				CLANG_WARN_OBJC_ROOT_CLASS = YES_ERROR;
				CLANG_WARN_RANGE_LOOP_ANALYSIS = YES;
				CLANG_WARN_STRICT_PROTOTYPES = YES;
				CLANG_WARN_SUSPICIOUS_MOVE = YES;
				CLANG_WARN_UNGUARDED_AVAILABILITY = YES_AGGRESSIVE;
				CLANG_WARN_UNREACHABLE_CODE = YES;
				CLANG_WARN__DUPLICATE_METHOD_MATCH = YES;
				CODE_SIGN_IDENTITY = "iPhone Developer";
				COPY_PHASE_STRIP = NO;
				DEBUG_INFORMATION_FORMAT = "dwarf-with-dsym";
				ENABLE_NS_ASSERTIONS = NO;
				ENABLE_STRICT_OBJC_MSGSEND = YES;
				GCC_C_LANGUAGE_STANDARD = gnu11;
				GCC_NO_COMMON_BLOCKS = YES;
				GCC_WARN_64_TO_32_BIT_CONVERSION = YES;
				GCC_WARN_ABOUT_RETURN_TYPE = YES_ERROR;
				GCC_WARN_UNDECLARED_SELECTOR = YES;
				GCC_WARN_UNINITIALIZED_AUTOS = YES_AGGRESSIVE;
				GCC_WARN_UNUSED_FUNCTION = YES;
				GCC_WARN_UNUSED_VARIABLE = YES;
				IPHONEOS_DEPLOYMENT_TARGET = 12.1;
				MTL_ENABLE_DEBUG_INFO = NO;
				MTL_FAST_MATH = YES;
				SDKROOT = iphoneos;
				SWIFT_COMPILATION_MODE = wholemodule;
				SWIFT_OPTIMIZATION_LEVEL = "-O";
				VALIDATE_PRODUCT = YES;
			};
			name = Release;
		};
		E12E831A21918A1F0021943B /* Debug */ = {
			isa = XCBuildConfiguration;
			buildSettings = {
				ASSETCATALOG_COMPILER_APPICON_NAME = AppIcon;
				CODE_SIGN_STYLE = Automatic;
				DEVELOPMENT_TEAM = 3W4X4PF9GM;
				INFOPLIST_FILE = LearnNib/Info.plist;
				LD_RUNPATH_SEARCH_PATHS = (
					"$(inherited)",
					"@executable_path/Frameworks",
				);
				PRODUCT_BUNDLE_IDENTIFIER = com.duy.LearnNib;
				PRODUCT_NAME = "$(TARGET_NAME)";
				SWIFT_VERSION = 4.2;
				TARGETED_DEVICE_FAMILY = "1,2";
			};
			name = Debug;
		};
		E12E831B21918A1F0021943B /* Release */ = {
			isa = XCBuildConfiguration;
			buildSettings = {
				ASSETCATALOG_COMPILER_APPICON_NAME = AppIcon;
				CODE_SIGN_STYLE = Automatic;
				DEVELOPMENT_TEAM = 3W4X4PF9GM;
				INFOPLIST_FILE = LearnNib/Info.plist;
				LD_RUNPATH_SEARCH_PATHS = (
					"$(inherited)",
					"@executable_path/Frameworks",
				);
				PRODUCT_BUNDLE_IDENTIFIER = com.duy.LearnNib;
				PRODUCT_NAME = "$(TARGET_NAME)";
				SWIFT_VERSION = 4.2;
				TARGETED_DEVICE_FAMILY = "1,2";
			};
			name = Release;
		};
/* End XCBuildConfiguration section */

/* Begin XCConfigurationList section */
		E12E830221918A1D0021943B /* Build configuration list for PBXProject "LearnNib" */ = {
			isa = XCConfigurationList;
			buildConfigurations = (
				E12E831721918A1F0021943B /* Debug */,
				E12E831821918A1F0021943B /* Release */,
			);
			defaultConfigurationIsVisible = 0;
			defaultConfigurationName = Release;
		};
		E12E831921918A1F0021943B /* Build configuration list for PBXNativeTarget "LearnNib" */ = {
			isa = XCConfigurationList;
			buildConfigurations = (
				E12E831A21918A1F0021943B /* Debug */,
				E12E831B21918A1F0021943B /* Release */,
			);
			defaultConfigurationIsVisible = 0;
			defaultConfigurationName = Release;
		};
/* End XCConfigurationList section */
	};
	rootObject = E12E82FF21918A1D0021943B /* Project object */;
}
